%{"bypass": {:hex, :bypass, "0.5.1"},
  "certifi": {:hex, :certifi, "0.4.0"},
  "cowboy": {:hex, :cowboy, "1.0.4"},
  "cowlib": {:hex, :cowlib, "1.0.2"},
  "earmark": {:hex, :earmark, "0.2.1"},
  "ex_doc": {:hex, :ex_doc, "0.11.3"},
  "fs": {:hex, :fs, "0.9.2"},
  "goth": {:git, "https://github.com/openx/goth.git", "5a3a8c8a4094ab819e7b56b929ccd5c86262b076", [tag: "0.0.8"]},
  "hackney": {:hex, :hackney, "1.5.7"},
  "httpoison": {:hex, :httpoison, "0.8.2"},
  "idna": {:hex, :idna, "1.2.0"},
  "json_web_token": {:git, "https://github.com/innovateboliu/json_web_token_ex.git", "3c0b4efc80ba71cb62a0cea6363d1def8f7e851e", [tag: "0.2.4"]},
  "metrics": {:hex, :metrics, "1.0.1"},
  "mimerl": {:hex, :mimerl, "1.0.2"},
  "mix_test_watch": {:hex, :mix_test_watch, "0.2.5"},
  "plug": {:hex, :plug, "1.1.0"},
  "poison": {:hex, :poison, "2.1.0"},
  "ranch": {:hex, :ranch, "1.2.1"},
  "ssl_verify_fun": {:hex, :ssl_verify_fun, "1.1.0"},
  "ssl_verify_hostname": {:hex, :ssl_verify_hostname, "1.0.5"},
  "uuid": {:hex, :uuid, "1.1.2"}}
